
Microsoft Visual Studio Solution File, Format Version 12.00
# Visual Studio Version 17
VisualStudioVersion = 17.0.31903.59
MinimumVisualStudioVersion = 10.0.40219.1
Project("{9A19103F-16F7-4668-BE54-9A1E7A4F7556}") = "rainha_rodeio", "rainha_rodeio.csproj", "{093FB248-B761-41F0-8A00-1CF6A228ED44}"
EndProject
Project("{9A19103F-16F7-4668-BE54-9A1E7A4F7556}") = "rainha_rodeio.admin", "..\rainha_rodeio.admin\rainha_rodeio.admin.csproj", "{2069659B-3A04-446B-871D-5AFB1D4A35E8}"
EndProject
Global
	GlobalSection(SolutionConfigurationPlatforms) = preSolution
		Debug|Any CPU = Debug|Any CPU
		Release|Any CPU = Release|Any CPU
	EndGlobalSection
	GlobalSection(ProjectConfigurationPlatforms) = postSolution
		{093FB248-B761-41F0-8A00-1CF6A228ED44}.Debug|Any CPU.ActiveCfg = Debug|Any CPU
		{093FB248-B761-41F0-8A00-1CF6A228ED44}.Debug|Any CPU.Build.0 = Debug|Any CPU
		{093FB248-B761-41F0-8A00-1CF6A228ED44}.Release|Any CPU.ActiveCfg = Release|Any CPU
		{093FB248-B761-41F0-8A00-1CF6A228ED44}.Release|Any CPU.Build.0 = Release|Any CPU
		{2069659B-3A04-446B-871D-5AFB1D4A35E8}.Debug|Any CPU.ActiveCfg = Debug|Any CPU
		{2069659B-3A04-446B-871D-5AFB1D4A35E8}.Debug|Any CPU.Build.0 = Debug|Any CPU
		{2069659B-3A04-446B-871D-5AFB1D4A35E8}.Release|Any CPU.ActiveCfg = Release|Any CPU
		{2069659B-3A04-446B-871D-5AFB1D4A35E8}.Release|Any CPU.Build.0 = Release|Any CPU
	EndGlobalSection
	GlobalSection(SolutionProperties) = preSolution
		HideSolutionNode = FALSE
	EndGlobalSection
	GlobalSection(ExtensibilityGlobals) = postSolution
		SolutionGuid = {8A8F9988-220B-4A69-B9EC-7A62214D9405}
	EndGlobalSection
EndGlobal
